
Microsoft Visual Studio Solution File, Format Version 12.00
# Visual Studio 15
Project("{FAE04EC0-301F-11D3-BF4B-00C04F79EFBC}") = "Assembly-CSharp", "Assembly-CSharp.csproj", "{ED3C0B4E-B224-86CB-4DB8-A28343E46BE7}"
EndProject
Project("{FAE04EC0-301F-11D3-BF4B-00C04F79EFBC}") = "Oculus.VR", "Oculus.VR.csproj", "{59359AE5-A5B8-C3F9-8F1B-D5C6D6571AAD}"
EndProject
Project("{FAE04EC0-301F-11D3-BF4B-00C04F79EFBC}") = "Assembly-CSharp-firstpass", "Assembly-CSharp-firstpass.csproj", "{D7BD8043-3DAF-D195-A1F5-F5B6F9BABF30}"
EndProject
Project("{FAE04EC0-301F-11D3-BF4B-00C04F79EFBC}") = "Assembly-CSharp-Editor-firstpass", "Assembly-CSharp-Editor-firstpass.csproj", "{82D8D975-1FAC-AA2F-A400-10F3F5724036}"
EndProject
Project("{FAE04EC0-301F-11D3-BF4B-00C04F79EFBC}") = "Assembly-CSharp-Editor", "Assembly-CSharp-Editor.csproj", "{32D88556-74C2-EF3A-FFEF-B82A968A6313}"
EndProject
Project("{FAE04EC0-301F-11D3-BF4B-00C04F79EFBC}") = "Oculus.VR.Scripts.Editor", "Oculus.VR.Scripts.Editor.csproj", "{254AB543-81C5-F667-D84C-27C05896F0D3}"
EndProject
Project("{FAE04EC0-301F-11D3-BF4B-00C04F79EFBC}") = "Oculus.VR.Editor", "Oculus.VR.Editor.csproj", "{3D25F648-7506-52A4-5394-B919B6EB3313}"
EndProject
Global
	GlobalSection(SolutionConfigurationPlatforms) = preSolution
		Debug|Any CPU = Debug|Any CPU
		Release|Any CPU = Release|Any CPU
	EndGlobalSection
	GlobalSection(ProjectConfigurationPlatforms) = postSolution
		{ED3C0B4E-B224-86CB-4DB8-A28343E46BE7}.Debug|Any CPU.ActiveCfg = Debug|Any CPU
		{ED3C0B4E-B224-86CB-4DB8-A28343E46BE7}.Debug|Any CPU.Build.0 = Debug|Any CPU
		{ED3C0B4E-B224-86CB-4DB8-A28343E46BE7}.Release|Any CPU.ActiveCfg = Release|Any CPU
		{ED3C0B4E-B224-86CB-4DB8-A28343E46BE7}.Release|Any CPU.Build.0 = Release|Any CPU
		{59359AE5-A5B8-C3F9-8F1B-D5C6D6571AAD}.Debug|Any CPU.ActiveCfg = Debug|Any CPU
		{59359AE5-A5B8-C3F9-8F1B-D5C6D6571AAD}.Debug|Any CPU.Build.0 = Debug|Any CPU
		{59359AE5-A5B8-C3F9-8F1B-D5C6D6571AAD}.Release|Any CPU.ActiveCfg = Release|Any CPU
		{59359AE5-A5B8-C3F9-8F1B-D5C6D6571AAD}.Release|Any CPU.Build.0 = Release|Any CPU
		{D7BD8043-3DAF-D195-A1F5-F5B6F9BABF30}.Debug|Any CPU.ActiveCfg = Debug|Any CPU
		{D7BD8043-3DAF-D195-A1F5-F5B6F9BABF30}.Debug|Any CPU.Build.0 = Debug|Any CPU
		{D7BD8043-3DAF-D195-A1F5-F5B6F9BABF30}.Release|Any CPU.ActiveCfg = Release|Any CPU
		{D7BD8043-3DAF-D195-A1F5-F5B6F9BABF30}.Release|Any CPU.Build.0 = Release|Any CPU
		{82D8D975-1FAC-AA2F-A400-10F3F5724036}.Debug|Any CPU.ActiveCfg = Debug|Any CPU
		{82D8D975-1FAC-AA2F-A400-10F3F5724036}.Debug|Any CPU.Build.0 = Debug|Any CPU
		{82D8D975-1FAC-AA2F-A400-10F3F5724036}.Release|Any CPU.ActiveCfg = Release|Any CPU
		{82D8D975-1FAC-AA2F-A400-10F3F5724036}.Release|Any CPU.Build.0 = Release|Any CPU
		{32D88556-74C2-EF3A-FFEF-B82A968A6313}.Debug|Any CPU.ActiveCfg = Debug|Any CPU
		{32D88556-74C2-EF3A-FFEF-B82A968A6313}.Debug|Any CPU.Build.0 = Debug|Any CPU
		{32D88556-74C2-EF3A-FFEF-B82A968A6313}.Release|Any CPU.ActiveCfg = Release|Any CPU
		{32D88556-74C2-EF3A-FFEF-B82A968A6313}.Release|Any CPU.Build.0 = Release|Any CPU
		{254AB543-81C5-F667-D84C-27C05896F0D3}.Debug|Any CPU.ActiveCfg = Debug|Any CPU
		{254AB543-81C5-F667-D84C-27C05896F0D3}.Debug|Any CPU.Build.0 = Debug|Any CPU
		{254AB543-81C5-F667-D84C-27C05896F0D3}.Release|Any CPU.ActiveCfg = Release|Any CPU
		{254AB543-81C5-F667-D84C-27C05896F0D3}.Release|Any CPU.Build.0 = Release|Any CPU
		{3D25F648-7506-52A4-5394-B919B6EB3313}.Debug|Any CPU.ActiveCfg = Debug|Any CPU
		{3D25F648-7506-52A4-5394-B919B6EB3313}.Debug|Any CPU.Build.0 = Debug|Any CPU
		{3D25F648-7506-52A4-5394-B919B6EB3313}.Release|Any CPU.ActiveCfg = Release|Any CPU
		{3D25F648-7506-52A4-5394-B919B6EB3313}.Release|Any CPU.Build.0 = Release|Any CPU
	EndGlobalSection
	GlobalSection(SolutionProperties) = preSolution
		HideSolutionNode = FALSE
	EndGlobalSection
EndGlobal
